
Microsoft Visual Studio Solution File, Format Version 12.00
Project("{FAE04EC0-301F-11D3-BF4B-00C04F79EFBC}") = "WebApplication1", "WebApplication1\WebApplication1.csproj", "{1DBD3D25-0AEB-4BDC-9908-2EC5C2D801D0}"
EndProject
Project("{FAE04EC0-301F-11D3-BF4B-00C04F79EFBC}") = "WebApplication2", "WebApplication2\WebApplication2.csproj", "{03A1E9A9-CAB8-48FB-9193-36E1B6C9104E}"
EndProject
Global
	GlobalSection(SolutionConfigurationPlatforms) = preSolution
		Debug|Any CPU = Debug|Any CPU
		Release|Any CPU = Release|Any CPU
	EndGlobalSection
	GlobalSection(ProjectConfigurationPlatforms) = postSolution
		{1DBD3D25-0AEB-4BDC-9908-2EC5C2D801D0}.Debug|Any CPU.ActiveCfg = Debug|Any CPU
		{1DBD3D25-0AEB-4BDC-9908-2EC5C2D801D0}.Debug|Any CPU.Build.0 = Debug|Any CPU
		{1DBD3D25-0AEB-4BDC-9908-2EC5C2D801D0}.Release|Any CPU.ActiveCfg = Release|Any CPU
		{1DBD3D25-0AEB-4BDC-9908-2EC5C2D801D0}.Release|Any CPU.Build.0 = Release|Any CPU
		{03A1E9A9-CAB8-48FB-9193-36E1B6C9104E}.Debug|Any CPU.ActiveCfg = Debug|Any CPU
		{03A1E9A9-CAB8-48FB-9193-36E1B6C9104E}.Debug|Any CPU.Build.0 = Debug|Any CPU
		{03A1E9A9-CAB8-48FB-9193-36E1B6C9104E}.Release|Any CPU.ActiveCfg = Release|Any CPU
		{03A1E9A9-CAB8-48FB-9193-36E1B6C9104E}.Release|Any CPU.Build.0 = Release|Any CPU
	EndGlobalSection
EndGlobal
